
Microsoft Visual Studio Solution File, Format Version 12.00
# Visual Studio Version 17
VisualStudioVersion = 17.0.31903.59
MinimumVisualStudioVersion = 10.0.40219.1
Project("{2150E333-8FDC-42A3-9474-1A3956D46DE8}") = "src", "src", "{F563EC35-DAB5-46C7-9DEF-4A46F2FF3F62}"
EndProject
Project("{FAE04EC0-301F-11D3-BF4B-00C04F79EFBC}") = "SurrealDB", "src\SurrealDB\SurrealDB.csproj", "{362F52E7-045B-48DB-BCC1-69C445995322}"
EndProject
Project("{FAE04EC0-301F-11D3-BF4B-00C04F79EFBC}") = "SurrealDB.Client", "src\SurrealDB.Client\SurrealDB.Client.csproj", "{C36EC406-79FA-49E6-9284-487FF01DA62F}"
EndProject
Project("{FAE04EC0-301F-11D3-BF4B-00C04F79EFBC}") = "SurrealDB.Client.WebSocket", "src\SurrealDB.Client.WebSocket\SurrealDB.Client.WebSocket.csproj", "{60BC7733-9AB1-42A0-B34E-B9D038BD9133}"
EndProject
Project("{FAE04EC0-301F-11D3-BF4B-00C04F79EFBC}") = "SurrealDB.Examples", "src\SurrealDB.Examples\SurrealDB.Examples.csproj", "{97EC314C-F975-4622-9313-1EB032FE6A76}"
EndProject
Project("{FAE04EC0-301F-11D3-BF4B-00C04F79EFBC}") = "SurrealDB.Extensions.DependencyInjection", "src\SurrealDB.Extensions.DependencyInjection\SurrealDB.Extensions.DependencyInjection.csproj", "{15587F61-4342-4E44-B3AE-50FEB378602A}"
EndProject
Project("{FAE04EC0-301F-11D3-BF4B-00C04F79EFBC}") = "SurrealDB.QueryBuilder", "src\SurrealDB.QueryBuilder\SurrealDB.QueryBuilder.csproj", "{7340C68D-848B-4CD9-BC8E-9E6C614B1304}"
EndProject
Global
	GlobalSection(SolutionConfigurationPlatforms) = preSolution
		Debug|Any CPU = Debug|Any CPU
		Release|Any CPU = Release|Any CPU
	EndGlobalSection
	GlobalSection(SolutionProperties) = preSolution
		HideSolutionNode = FALSE
	EndGlobalSection
	GlobalSection(ProjectConfigurationPlatforms) = postSolution
		{362F52E7-045B-48DB-BCC1-69C445995322}.Debug|Any CPU.ActiveCfg = Debug|Any CPU
		{362F52E7-045B-48DB-BCC1-69C445995322}.Debug|Any CPU.Build.0 = Debug|Any CPU
		{362F52E7-045B-48DB-BCC1-69C445995322}.Release|Any CPU.ActiveCfg = Release|Any CPU
		{362F52E7-045B-48DB-BCC1-69C445995322}.Release|Any CPU.Build.0 = Release|Any CPU
		{C36EC406-79FA-49E6-9284-487FF01DA62F}.Debug|Any CPU.ActiveCfg = Debug|Any CPU
		{C36EC406-79FA-49E6-9284-487FF01DA62F}.Debug|Any CPU.Build.0 = Debug|Any CPU
		{C36EC406-79FA-49E6-9284-487FF01DA62F}.Release|Any CPU.ActiveCfg = Release|Any CPU
		{C36EC406-79FA-49E6-9284-487FF01DA62F}.Release|Any CPU.Build.0 = Release|Any CPU
		{60BC7733-9AB1-42A0-B34E-B9D038BD9133}.Debug|Any CPU.ActiveCfg = Debug|Any CPU
		{60BC7733-9AB1-42A0-B34E-B9D038BD9133}.Debug|Any CPU.Build.0 = Debug|Any CPU
		{60BC7733-9AB1-42A0-B34E-B9D038BD9133}.Release|Any CPU.ActiveCfg = Release|Any CPU
		{60BC7733-9AB1-42A0-B34E-B9D038BD9133}.Release|Any CPU.Build.0 = Release|Any CPU
		{97EC314C-F975-4622-9313-1EB032FE6A76}.Debug|Any CPU.ActiveCfg = Debug|Any CPU
		{97EC314C-F975-4622-9313-1EB032FE6A76}.Debug|Any CPU.Build.0 = Debug|Any CPU
		{97EC314C-F975-4622-9313-1EB032FE6A76}.Release|Any CPU.ActiveCfg = Release|Any CPU
		{97EC314C-F975-4622-9313-1EB032FE6A76}.Release|Any CPU.Build.0 = Release|Any CPU
		{15587F61-4342-4E44-B3AE-50FEB378602A}.Debug|Any CPU.ActiveCfg = Debug|Any CPU
		{15587F61-4342-4E44-B3AE-50FEB378602A}.Debug|Any CPU.Build.0 = Debug|Any CPU
		{15587F61-4342-4E44-B3AE-50FEB378602A}.Release|Any CPU.ActiveCfg = Release|Any CPU
		{15587F61-4342-4E44-B3AE-50FEB378602A}.Release|Any CPU.Build.0 = Release|Any CPU
		{7340C68D-848B-4CD9-BC8E-9E6C614B1304}.Debug|Any CPU.ActiveCfg = Debug|Any CPU
		{7340C68D-848B-4CD9-BC8E-9E6C614B1304}.Debug|Any CPU.Build.0 = Debug|Any CPU
		{7340C68D-848B-4CD9-BC8E-9E6C614B1304}.Release|Any CPU.ActiveCfg = Release|Any CPU
		{7340C68D-848B-4CD9-BC8E-9E6C614B1304}.Release|Any CPU.Build.0 = Release|Any CPU
	EndGlobalSection
	GlobalSection(NestedProjects) = preSolution
		{362F52E7-045B-48DB-BCC1-69C445995322} = {F563EC35-DAB5-46C7-9DEF-4A46F2FF3F62}
		{C36EC406-79FA-49E6-9284-487FF01DA62F} = {F563EC35-DAB5-46C7-9DEF-4A46F2FF3F62}
		{60BC7733-9AB1-42A0-B34E-B9D038BD9133} = {F563EC35-DAB5-46C7-9DEF-4A46F2FF3F62}
		{97EC314C-F975-4622-9313-1EB032FE6A76} = {F563EC35-DAB5-46C7-9DEF-4A46F2FF3F62}
		{15587F61-4342-4E44-B3AE-50FEB378602A} = {F563EC35-DAB5-46C7-9DEF-4A46F2FF3F62}
		{7340C68D-848B-4CD9-BC8E-9E6C614B1304} = {F563EC35-DAB5-46C7-9DEF-4A46F2FF3F62}
	EndGlobalSection
EndGlobal
