Microsoft Visual Studio Solution File, Format Version 12.00
# Visual Studio Version 17
VisualStudioVersion = 17.0.31903.59
MinimumVisualStudioVersion = 10.0.40219.1
Project("{2150E333-8FDC-42A3-9474-1A3956D46DE8}") = "src", "src", "{750F7DED-DB83-4BCA-A37A-8074CD4F7132}"
EndProject
Project("{FAE04EC0-301F-11D3-BF4B-00C04F79EFBC}") = "SurrealDB.Client", "src\SurrealDB.Client\SurrealDB.Client.csproj", "{7DB203A6-F446-4926-84E0-3B421C67E94D}"
EndProject
Project("{FAE04EC0-301F-11D3-BF4B-00C04F79EFBC}") = "SurrealDB.Extensions.DependencyInjection", "src\SurrealDB.Extensions.DependencyInjection\SurrealDB.Extensions.DependencyInjection.csproj", "{3A4797C7-1310-4E81-85C5-421E07563555}"
EndProject
Project("{FAE04EC0-301F-11D3-BF4B-00C04F79EFBC}") = "SurrealDB.Examples", "src\SurrealDB.Examples\SurrealDB.Examples.csproj", "{9C90CD2D-0A67-4465-8E43-0253F00BAE07}"
EndProject
Project("{FAE04EC0-301F-11D3-BF4B-00C04F79EFBC}") = "SurrealDB.QueryBuilder", "src\SurrealDB.QueryBuilder\SurrealDB.QueryBuilder.csproj", "{001C173B-FF89-46EF-BF0C-4C00824EAD7F}"
EndProject
Project("{FAE04EC0-301F-11D3-BF4B-00C04F79EFBC}") = "SurrealDB", "src\SurrealDB\SurrealDB.csproj", "{9AC20D3D-2414-4BC4-97D7-0F1520A1679E}"
EndProject
Project("{2150E333-8FDC-42A3-9474-1A3956D46DE8}") = "tests", "tests", "{A4E6EAF6-B65C-4F9C-9FE4-C389B9632608}"
EndProject
Project("{FAE04EC0-301F-11D3-BF4B-00C04F79EFBC}") = "SurrealDB.Tests.Integration", "tests\SurrealDB.Tests.Integration\SurrealDB.Tests.Integration.csproj", "{BF1FE4E1-829D-4DE0-A47C-14F3643DF504}"
EndProject
Project("{FAE04EC0-301F-11D3-BF4B-00C04F79EFBC}") = "SurrealDB.Tests.Unit", "tests\SurrealDB.Tests.Unit\SurrealDB.Tests.Unit.csproj", "{05FC7C64-6D0B-4C63-A54B-B5A298AC2383}"
EndProject
Project("{FAE04EC0-301F-11D3-BF4B-00C04F79EFBC}") = "SurrealDB.Client.WebSocket", "src\SurrealDB.Client.WebSocket\SurrealDB.Client.WebSocket.csproj", "{7B70A049-950F-47D3-A9B9-3C4517841E18}"
EndProject
Project("{FAE04EC0-301F-11D3-BF4B-00C04F79EFBC}") = "SurrealDB.Client.Examples", "src\SurrealDB.Client.Examples\SurrealDB.Client.Examples.csproj", "{87DD477F-0848-4BF8-8536-63C75318FA59}"
EndProject
Project("{FAE04EC0-301F-11D3-BF4B-00C04F79EFBC}") = "SurrealDB.QueryBuilder.Examples", "src\SurrealDB.QueryBuilder.Examples\SurrealDB.QueryBuilder.Examples.csproj", "{E36D8B56-2ED0-4779-8D38-09159314B91F}"
EndProject
Global
	GlobalSection(SolutionConfigurationPlatforms) = preSolution
		Debug|Any CPU = Debug|Any CPU
		Release|Any CPU = Release|Any CPU
	EndGlobalSection
	GlobalSection(SolutionProperties) = preSolution
		HideSolutionNode = FALSE
	EndGlobalSection
	GlobalSection(ProjectConfigurationPlatforms) = postSolution
		{7DB203A6-F446-4926-84E0-3B421C67E94D}.Debug|Any CPU.ActiveCfg = Debug|Any CPU
		{7DB203A6-F446-4926-84E0-3B421C67E94D}.Debug|Any CPU.Build.0 = Debug|Any CPU
		{7DB203A6-F446-4926-84E0-3B421C67E94D}.Release|Any CPU.ActiveCfg = Release|Any CPU
		{7DB203A6-F446-4926-84E0-3B421C67E94D}.Release|Any CPU.Build.0 = Release|Any CPU
		{3A4797C7-1310-4E81-85C5-421E07563555}.Debug|Any CPU.ActiveCfg = Debug|Any CPU
		{3A4797C7-1310-4E81-85C5-421E07563555}.Debug|Any CPU.Build.0 = Debug|Any CPU
		{3A4797C7-1310-4E81-85C5-421E07563555}.Release|Any CPU.ActiveCfg = Release|Any CPU
		{3A4797C7-1310-4E81-85C5-421E07563555}.Release|Any CPU.Build.0 = Release|Any CPU
		{9C90CD2D-0A67-4465-8E43-0253F00BAE07}.Debug|Any CPU.ActiveCfg = Debug|Any CPU
		{9C90CD2D-0A67-4465-8E43-0253F00BAE07}.Debug|Any CPU.Build.0 = Debug|Any CPU
		{9C90CD2D-0A67-4465-8E43-0253F00BAE07}.Release|Any CPU.ActiveCfg = Release|Any CPU
		{9C90CD2D-0A67-4465-8E43-0253F00BAE07}.Release|Any CPU.Build.0 = Release|Any CPU
		{001C173B-FF89-46EF-BF0C-4C00824EAD7F}.Debug|Any CPU.ActiveCfg = Debug|Any CPU
		{001C173B-FF89-46EF-BF0C-4C00824EAD7F}.Debug|Any CPU.Build.0 = Debug|Any CPU
		{001C173B-FF89-46EF-BF0C-4C00824EAD7F}.Release|Any CPU.ActiveCfg = Release|Any CPU
		{001C173B-FF89-46EF-BF0C-4C00824EAD7F}.Release|Any CPU.Build.0 = Release|Any CPU
		{9AC20D3D-2414-4BC4-97D7-0F1520A1679E}.Debug|Any CPU.ActiveCfg = Debug|Any CPU
		{9AC20D3D-2414-4BC4-97D7-0F1520A1679E}.Debug|Any CPU.Build.0 = Debug|Any CPU
		{9AC20D3D-2414-4BC4-97D7-0F1520A1679E}.Release|Any CPU.ActiveCfg = Release|Any CPU
		{9AC20D3D-2414-4BC4-97D7-0F1520A1679E}.Release|Any CPU.Build.0 = Release|Any CPU
		{BF1FE4E1-829D-4DE0-A47C-14F3643DF504}.Debug|Any CPU.ActiveCfg = Debug|Any CPU
		{BF1FE4E1-829D-4DE0-A47C-14F3643DF504}.Debug|Any CPU.Build.0 = Debug|Any CPU
		{BF1FE4E1-829D-4DE0-A47C-14F3643DF504}.Release|Any CPU.ActiveCfg = Release|Any CPU
		{BF1FE4E1-829D-4DE0-A47C-14F3643DF504}.Release|Any CPU.Build.0 = Release|Any CPU
		{05FC7C64-6D0B-4C63-A54B-B5A298AC2383}.Debug|Any CPU.ActiveCfg = Debug|Any CPU
		{05FC7C64-6D0B-4C63-A54B-B5A298AC2383}.Debug|Any CPU.Build.0 = Debug|Any CPU
		{05FC7C64-6D0B-4C63-A54B-B5A298AC2383}.Release|Any CPU.ActiveCfg = Release|Any CPU
		{05FC7C64-6D0B-4C63-A54B-B5A298AC2383}.Release|Any CPU.Build.0 = Release|Any CPU
		{7B70A049-950F-47D3-A9B9-3C4517841E18}.Debug|Any CPU.ActiveCfg = Debug|Any CPU
		{7B70A049-950F-47D3-A9B9-3C4517841E18}.Debug|Any CPU.Build.0 = Debug|Any CPU
		{7B70A049-950F-47D3-A9B9-3C4517841E18}.Release|Any CPU.ActiveCfg = Release|Any CPU
		{7B70A049-950F-47D3-A9B9-3C4517841E18}.Release|Any CPU.Build.0 = Release|Any CPU
		{87DD477F-0848-4BF8-8536-63C75318FA59}.Debug|Any CPU.ActiveCfg = Debug|Any CPU
		{87DD477F-0848-4BF8-8536-63C75318FA59}.Debug|Any CPU.Build.0 = Debug|Any CPU
		{87DD477F-0848-4BF8-8536-63C75318FA59}.Release|Any CPU.ActiveCfg = Release|Any CPU
		{87DD477F-0848-4BF8-8536-63C75318FA59}.Release|Any CPU.Build.0 = Release|Any CPU
		{E36D8B56-2ED0-4779-8D38-09159314B91F}.Debug|Any CPU.ActiveCfg = Debug|Any CPU
		{E36D8B56-2ED0-4779-8D38-09159314B91F}.Debug|Any CPU.Build.0 = Debug|Any CPU
		{E36D8B56-2ED0-4779-8D38-09159314B91F}.Release|Any CPU.ActiveCfg = Release|Any CPU
		{E36D8B56-2ED0-4779-8D38-09159314B91F}.Release|Any CPU.Build.0 = Release|Any CPU
	EndGlobalSection
	GlobalSection(NestedProjects) = preSolution
		{7DB203A6-F446-4926-84E0-3B421C67E94D} = {750F7DED-DB83-4BCA-A37A-8074CD4F7132}
		{3A4797C7-1310-4E81-85C5-421E07563555} = {750F7DED-DB83-4BCA-A37A-8074CD4F7132}
		{9C90CD2D-0A67-4465-8E43-0253F00BAE07} = {750F7DED-DB83-4BCA-A37A-8074CD4F7132}
		{001C173B-FF89-46EF-BF0C-4C00824EAD7F} = {750F7DED-DB83-4BCA-A37A-8074CD4F7132}
		{9AC20D3D-2414-4BC4-97D7-0F1520A1679E} = {750F7DED-DB83-4BCA-A37A-8074CD4F7132}
		{BF1FE4E1-829D-4DE0-A47C-14F3643DF504} = {A4E6EAF6-B65C-4F9C-9FE4-C389B9632608}
		{05FC7C64-6D0B-4C63-A54B-B5A298AC2383} = {A4E6EAF6-B65C-4F9C-9FE4-C389B9632608}
		{7B70A049-950F-47D3-A9B9-3C4517841E18} = {750F7DED-DB83-4BCA-A37A-8074CD4F7132}
		{87DD477F-0848-4BF8-8536-63C75318FA59} = {750F7DED-DB83-4BCA-A37A-8074CD4F7132}
		{E36D8B56-2ED0-4779-8D38-09159314B91F} = {750F7DED-DB83-4BCA-A37A-8074CD4F7132}
	EndGlobalSection
EndGlobal
